
Microsoft Visual Studio Solution File, Format Version 12.00
# Visual Studio Version 17
VisualStudioVersion = 17.0.31912.275
MinimumVisualStudioVersion = 10.0.40219.1
Project("{FAE04EC0-301F-11D3-BF4B-00C04F79EFBC}") = "Medical Lab", "Medical Lab\Medical Lab.csproj", "{8DD6696D-1728-43F4-AD08-8611BC45E37E}"
EndProject
Global
	GlobalSection(SolutionConfigurationPlatforms) = preSolution
		Debug|Any CPU = Debug|Any CPU
		Release|Any CPU = Release|Any CPU
	EndGlobalSection
	GlobalSection(ProjectConfigurationPlatforms) = postSolution
		{8DD6696D-1728-43F4-AD08-8611BC45E37E}.Debug|Any CPU.ActiveCfg = Debug|Any CPU
		{8DD6696D-1728-43F4-AD08-8611BC45E37E}.Debug|Any CPU.Build.0 = Debug|Any CPU
		{8DD6696D-1728-43F4-AD08-8611BC45E37E}.Release|Any CPU.ActiveCfg = Release|Any CPU
		{8DD6696D-1728-43F4-AD08-8611BC45E37E}.Release|Any CPU.Build.0 = Release|Any CPU
	EndGlobalSection
	GlobalSection(SolutionProperties) = preSolution
		HideSolutionNode = FALSE
	EndGlobalSection
	GlobalSection(ExtensibilityGlobals) = postSolution
		SolutionGuid = {CB75F942-30D3-4D56-9BC3-BAA2EB3FD3A4}
	EndGlobalSection
EndGlobal
